// !$*UTF8*$!
{
	archiveVersion = 1;
	classes = {
	};
	objectVersion = 56;
	objects = {

/* Begin PBXBuildFile section */
		4F479C662B4A858800989C0A /* AppDelegate.swift in Sources */ = {isa = PBXBuildFile; fileRef = 4F479C652B4A858800989C0A /* AppDelegate.swift */; };
		4F479C682B4A858800989C0A /* SceneDelegate.swift in Sources */ = {isa = PBXBuildFile; fileRef = 4F479C672B4A858800989C0A /* SceneDelegate.swift */; };
		4F479C6A2B4A858800989C0A /* ViewController.swift in Sources */ = {isa = PBXBuildFile; fileRef = 4F479C692B4A858800989C0A /* ViewController.swift */; };
		4F479C6D2B4A858800989C0A /* Main.storyboard in Resources */ = {isa = PBXBuildFile; fileRef = 4F479C6B2B4A858800989C0A /* Main.storyboard */; };
		4F479C6F2B4A858900989C0A /* Assets.xcassets in Resources */ = {isa = PBXBuildFile; fileRef = 4F479C6E2B4A858900989C0A /* Assets.xcassets */; };
		4F479C722B4A858900989C0A /* LaunchScreen.storyboard in Resources */ = {isa = PBXBuildFile; fileRef = 4F479C702B4A858900989C0A /* LaunchScreen.storyboard */; };
		4F479C7D2B4A858900989C0A /* FlaskKeyringiOSAppTests.swift in Sources */ = {isa = PBXBuildFile; fileRef = 4F479C7C2B4A858900989C0A /* FlaskKeyringiOSAppTests.swift */; };
		4F479C872B4A858900989C0A /* FlaskKeyringiOSAppUITests.swift in Sources */ = {isa = PBXBuildFile; fileRef = 4F479C862B4A858900989C0A /* FlaskKeyringiOSAppUITests.swift */; };
		4F479C892B4A858900989C0A /* FlaskKeyringiOSAppUITestsLaunchTests.swift in Sources */ = {isa = PBXBuildFile; fileRef = 4F479C882B4A858900989C0A /* FlaskKeyringiOSAppUITestsLaunchTests.swift */; };
/* End PBXBuildFile section */

/* Begin PBXContainerItemProxy section */
		4F479C792B4A858900989C0A /* PBXContainerItemProxy */ = {
			isa = PBXContainerItemProxy;
			containerPortal = 4F479C5A2B4A858800989C0A /* Project object */;
			proxyType = 1;
			remoteGlobalIDString = 4F479C612B4A858800989C0A;
			remoteInfo = FlaskKeyringiOSApp;
		};
		4F479C832B4A858900989C0A /* PBXContainerItemProxy */ = {
			isa = PBXContainerItemProxy;
			containerPortal = 4F479C5A2B4A858800989C0A /* Project object */;
			proxyType = 1;
			remoteGlobalIDString = 4F479C612B4A858800989C0A;
			remoteInfo = FlaskKeyringiOSApp;
		};
/* End PBXContainerItemProxy section */

/* Begin PBXFileReference section */
		4F479C622B4A858800989C0A /* FlaskKeyringiOSApp.app */ = {isa = PBXFileReference; explicitFileType = wrapper.application; includeInIndex = 0; path = FlaskKeyringiOSApp.app; sourceTree = BUILT_PRODUCTS_DIR; };
		4F479C652B4A858800989C0A /* AppDelegate.swift */ = {isa = PBXFileReference; lastKnownFileType = sourcecode.swift; path = AppDelegate.swift; sourceTree = "<group>"; };
		4F479C672B4A858800989C0A /* SceneDelegate.swift */ = {isa = PBXFileReference; lastKnownFileType = sourcecode.swift; path = SceneDelegate.swift; sourceTree = "<group>"; };
		4F479C692B4A858800989C0A /* ViewController.swift */ = {isa = PBXFileReference; lastKnownFileType = sourcecode.swift; path = ViewController.swift; sourceTree = "<group>"; };
		4F479C6C2B4A858800989C0A /* Base */ = {isa = PBXFileReference; lastKnownFileType = file.storyboard; name = Base; path = Base.lproj/Main.storyboard; sourceTree = "<group>"; };
		4F479C6E2B4A858900989C0A /* Assets.xcassets */ = {isa = PBXFileReference; lastKnownFileType = folder.assetcatalog; path = Assets.xcassets; sourceTree = "<group>"; };
		4F479C712B4A858900989C0A /* Base */ = {isa = PBXFileReference; lastKnownFileType = file.storyboard; name = Base; path = Base.lproj/LaunchScreen.storyboard; sourceTree = "<group>"; };
		4F479C732B4A858900989C0A /* Info.plist */ = {isa = PBXFileReference; lastKnownFileType = text.plist.xml; path = Info.plist; sourceTree = "<group>"; };
		4F479C782B4A858900989C0A /* FlaskKeyringiOSAppTests.xctest */ = {isa = PBXFileReference; explicitFileType = wrapper.cfbundle; includeInIndex = 0; path = FlaskKeyringiOSAppTests.xctest; sourceTree = BUILT_PRODUCTS_DIR; };
		4F479C7C2B4A858900989C0A /* FlaskKeyringiOSAppTests.swift */ = {isa = PBXFileReference; lastKnownFileType = sourcecode.swift; path = FlaskKeyringiOSAppTests.swift; sourceTree = "<group>"; };
		4F479C822B4A858900989C0A /* FlaskKeyringiOSAppUITests.xctest */ = {isa = PBXFileReference; explicitFileType = wrapper.cfbundle; includeInIndex = 0; path = FlaskKeyringiOSAppUITests.xctest; sourceTree = BUILT_PRODUCTS_DIR; };
		4F479C862B4A858900989C0A /* FlaskKeyringiOSAppUITests.swift */ = {isa = PBXFileReference; lastKnownFileType = sourcecode.swift; path = FlaskKeyringiOSAppUITests.swift; sourceTree = "<group>"; };
		4F479C882B4A858900989C0A /* FlaskKeyringiOSAppUITestsLaunchTests.swift */ = {isa = PBXFileReference; lastKnownFileType = sourcecode.swift; path = FlaskKeyringiOSAppUITestsLaunchTests.swift; sourceTree = "<group>"; };
/* End PBXFileReference section */

/* Begin PBXFrameworksBuildPhase section */
		4F479C5F2B4A858800989C0A /* Frameworks */ = {
			isa = PBXFrameworksBuildPhase;
			buildActionMask = 2147483647;
			files = (
			);
			runOnlyForDeploymentPostprocessing = 0;
		};
		4F479C752B4A858900989C0A /* Frameworks */ = {
			isa = PBXFrameworksBuildPhase;
			buildActionMask = 2147483647;
			files = (
			);
			runOnlyForDeploymentPostprocessing = 0;
		};
		4F479C7F2B4A858900989C0A /* Frameworks */ = {
			isa = PBXFrameworksBuildPhase;
			buildActionMask = 2147483647;
			files = (
			);
			runOnlyForDeploymentPostprocessing = 0;
		};
/* End PBXFrameworksBuildPhase section */

/* Begin PBXGroup section */
		4F479C592B4A858800989C0A = {
			isa = PBXGroup;
			children = (
				4F479C642B4A858800989C0A /* FlaskKeyringiOSApp */,
				4F479C7B2B4A858900989C0A /* FlaskKeyringiOSAppTests */,
				4F479C852B4A858900989C0A /* FlaskKeyringiOSAppUITests */,
				4F479C632B4A858800989C0A /* Products */,
			);
			sourceTree = "<group>";
		};
		4F479C632B4A858800989C0A /* Products */ = {
			isa = PBXGroup;
			children = (
				4F479C622B4A858800989C0A /* FlaskKeyringiOSApp.app */,
				4F479C782B4A858900989C0A /* FlaskKeyringiOSAppTests.xctest */,
				4F479C822B4A858900989C0A /* FlaskKeyringiOSAppUITests.xctest */,
			);
			name = Products;
			sourceTree = "<group>";
		};
		4F479C642B4A858800989C0A /* FlaskKeyringiOSApp */ = {
			isa = PBXGroup;
			children = (
				4F479C652B4A858800989C0A /* AppDelegate.swift */,
				4F479C672B4A858800989C0A /* SceneDelegate.swift */,
				4F479C692B4A858800989C0A /* ViewController.swift */,
				4F479C6B2B4A858800989C0A /* Main.storyboard */,
				4F479C6E2B4A858900989C0A /* Assets.xcassets */,
				4F479C702B4A858900989C0A /* LaunchScreen.storyboard */,
				4F479C732B4A858900989C0A /* Info.plist */,
			);
			path = FlaskKeyringiOSApp;
			sourceTree = "<group>";
		};
		4F479C7B2B4A858900989C0A /* FlaskKeyringiOSAppTests */ = {
			isa = PBXGroup;
			children = (
				4F479C7C2B4A858900989C0A /* FlaskKeyringiOSAppTests.swift */,
			);
			path = FlaskKeyringiOSAppTests;
			sourceTree = "<group>";
		};
		4F479C852B4A858900989C0A /* FlaskKeyringiOSAppUITests */ = {
			isa = PBXGroup;
			children = (
				4F479C862B4A858900989C0A /* FlaskKeyringiOSAppUITests.swift */,
				4F479C882B4A858900989C0A /* FlaskKeyringiOSAppUITestsLaunchTests.swift */,
			);
			path = FlaskKeyringiOSAppUITests;
			sourceTree = "<group>";
		};
/* End PBXGroup section */

/* Begin PBXNativeTarget section */
		4F479C612B4A858800989C0A /* FlaskKeyringiOSApp */ = {
			isa = PBXNativeTarget;
			buildConfigurationList = 4F479C8C2B4A858900989C0A /* Build configuration list for PBXNativeTarget "FlaskKeyringiOSApp" */;
			buildPhases = (
				4F479C5E2B4A858800989C0A /* Sources */,
				4F479C5F2B4A858800989C0A /* Frameworks */,
				4F479C602B4A858800989C0A /* Resources */,
			);
			buildRules = (
			);
			dependencies = (
			);
			name = FlaskKeyringiOSApp;
			productName = FlaskKeyringiOSApp;
			productReference = 4F479C622B4A858800989C0A /* FlaskKeyringiOSApp.app */;
			productType = "com.apple.product-type.application";
		};
		4F479C772B4A858900989C0A /* FlaskKeyringiOSAppTests */ = {
			isa = PBXNativeTarget;
			buildConfigurationList = 4F479C8F2B4A858900989C0A /* Build configuration list for PBXNativeTarget "FlaskKeyringiOSAppTests" */;
			buildPhases = (
				4F479C742B4A858900989C0A /* Sources */,
				4F479C752B4A858900989C0A /* Frameworks */,
				4F479C762B4A858900989C0A /* Resources */,
			);
			buildRules = (
			);
			dependencies = (
				4F479C7A2B4A858900989C0A /* PBXTargetDependency */,
			);
			name = FlaskKeyringiOSAppTests;
			productName = FlaskKeyringiOSAppTests;
			productReference = 4F479C782B4A858900989C0A /* FlaskKeyringiOSAppTests.xctest */;
			productType = "com.apple.product-type.bundle.unit-test";
		};
		4F479C812B4A858900989C0A /* FlaskKeyringiOSAppUITests */ = {
			isa = PBXNativeTarget;
			buildConfigurationList = 4F479C922B4A858900989C0A /* Build configuration list for PBXNativeTarget "FlaskKeyringiOSAppUITests" */;
			buildPhases = (
				4F479C7E2B4A858900989C0A /* Sources */,
				4F479C7F2B4A858900989C0A /* Frameworks */,
				4F479C802B4A858900989C0A /* Resources */,
			);
			buildRules = (
			);
			dependencies = (
				4F479C842B4A858900989C0A /* PBXTargetDependency */,
			);
			name = FlaskKeyringiOSAppUITests;
			productName = FlaskKeyringiOSAppUITests;
			productReference = 4F479C822B4A858900989C0A /* FlaskKeyringiOSAppUITests.xctest */;
			productType = "com.apple.product-type.bundle.ui-testing";
		};
/* End PBXNativeTarget section */

/* Begin PBXProject section */
		4F479C5A2B4A858800989C0A /* Project object */ = {
			isa = PBXProject;
			attributes = {
				BuildIndependentTargetsInParallel = 1;
				LastSwiftUpdateCheck = 1510;
				LastUpgradeCheck = 1510;
				TargetAttributes = {
					4F479C612B4A858800989C0A = {
						CreatedOnToolsVersion = 15.1;
					};
					4F479C772B4A858900989C0A = {
						CreatedOnToolsVersion = 15.1;
						TestTargetID = 4F479C612B4A858800989C0A;
					};
					4F479C812B4A858900989C0A = {
						CreatedOnToolsVersion = 15.1;
						TestTargetID = 4F479C612B4A858800989C0A;
					};
				};
			};
			buildConfigurationList = 4F479C5D2B4A858800989C0A /* Build configuration list for PBXProject "FlaskKeyringiOSApp" */;
			compatibilityVersion = "Xcode 14.0";
			developmentRegion = en;
			hasScannedForEncodings = 0;
			knownRegions = (
				en,
				Base,
			);
			mainGroup = 4F479C592B4A858800989C0A;
			productRefGroup = 4F479C632B4A858800989C0A /* Products */;
			projectDirPath = "";
			projectRoot = "";
			targets = (
				4F479C612B4A858800989C0A /* FlaskKeyringiOSApp */,
				4F479C772B4A858900989C0A /* FlaskKeyringiOSAppTests */,
				4F479C812B4A858900989C0A /* FlaskKeyringiOSAppUITests */,
			);
		};
/* End PBXProject section */

/* Begin PBXResourcesBuildPhase section */
		4F479C602B4A858800989C0A /* Resources */ = {
			isa = PBXResourcesBuildPhase;
			buildActionMask = 2147483647;
			files = (
				4F479C722B4A858900989C0A /* LaunchScreen.storyboard in Resources */,
				4F479C6F2B4A858900989C0A /* Assets.xcassets in Resources */,
				4F479C6D2B4A858800989C0A /* Main.storyboard in Resources */,
			);
			runOnlyForDeploymentPostprocessing = 0;
		};
		4F479C762B4A858900989C0A /* Resources */ = {
			isa = PBXResourcesBuildPhase;
			buildActionMask = 2147483647;
			files = (
			);
			runOnlyForDeploymentPostprocessing = 0;
		};
		4F479C802B4A858900989C0A /* Resources */ = {
			isa = PBXResourcesBuildPhase;
			buildActionMask = 2147483647;
			files = (
			);
			runOnlyForDeploymentPostprocessing = 0;
		};
/* End PBXResourcesBuildPhase section */

/* Begin PBXSourcesBuildPhase section */
		4F479C5E2B4A858800989C0A /* Sources */ = {
			isa = PBXSourcesBuildPhase;
			buildActionMask = 2147483647;
			files = (
				4F479C6A2B4A858800989C0A /* ViewController.swift in Sources */,
				4F479C662B4A858800989C0A /* AppDelegate.swift in Sources */,
				4F479C682B4A858800989C0A /* SceneDelegate.swift in Sources */,
			);
			runOnlyForDeploymentPostprocessing = 0;
		};
		4F479C742B4A858900989C0A /* Sources */ = {
			isa = PBXSourcesBuildPhase;
			buildActionMask = 2147483647;
			files = (
				4F479C7D2B4A858900989C0A /* FlaskKeyringiOSAppTests.swift in Sources */,
			);
			runOnlyForDeploymentPostprocessing = 0;
		};
		4F479C7E2B4A858900989C0A /* Sources */ = {
			isa = PBXSourcesBuildPhase;
			buildActionMask = 2147483647;
			files = (
				4F479C892B4A858900989C0A /* FlaskKeyringiOSAppUITestsLaunchTests.swift in Sources */,
				4F479C872B4A858900989C0A /* FlaskKeyringiOSAppUITests.swift in Sources */,
			);
			runOnlyForDeploymentPostprocessing = 0;
		};
/* End PBXSourcesBuildPhase section */

/* Begin PBXTargetDependency section */
		4F479C7A2B4A858900989C0A /* PBXTargetDependency */ = {
			isa = PBXTargetDependency;
			target = 4F479C612B4A858800989C0A /* FlaskKeyringiOSApp */;
			targetProxy = 4F479C792B4A858900989C0A /* PBXContainerItemProxy */;
		};
		4F479C842B4A858900989C0A /* PBXTargetDependency */ = {
			isa = PBXTargetDependency;
			target = 4F479C612B4A858800989C0A /* FlaskKeyringiOSApp */;
			targetProxy = 4F479C832B4A858900989C0A /* PBXContainerItemProxy */;
		};
/* End PBXTargetDependency section */

/* Begin PBXVariantGroup section */
		4F479C6B2B4A858800989C0A /* Main.storyboard */ = {
			isa = PBXVariantGroup;
			children = (
				4F479C6C2B4A858800989C0A /* Base */,
			);
			name = Main.storyboard;
			sourceTree = "<group>";
		};
		4F479C702B4A858900989C0A /* LaunchScreen.storyboard */ = {
			isa = PBXVariantGroup;
			children = (
				4F479C712B4A858900989C0A /* Base */,
			);
			name = LaunchScreen.storyboard;
			sourceTree = "<group>";
		};
/* End PBXVariantGroup section */

/* Begin XCBuildConfiguration section */
		4F479C8A2B4A858900989C0A /* Debug */ = {
			isa = XCBuildConfiguration;
			buildSettings = {
				ALWAYS_SEARCH_USER_PATHS = NO;
				ASSETCATALOG_COMPILER_GENERATE_SWIFT_ASSET_SYMBOL_EXTENSIONS = YES;
				CLANG_ANALYZER_NONNULL = YES;
				CLANG_ANALYZER_NUMBER_OBJECT_CONVERSION = YES_AGGRESSIVE;
				CLANG_CXX_LANGUAGE_STANDARD = "gnu++20";
				CLANG_ENABLE_MODULES = YES;
				CLANG_ENABLE_OBJC_ARC = YES;
				CLANG_ENABLE_OBJC_WEAK = YES;
				CLANG_WARN_BLOCK_CAPTURE_AUTORELEASING = YES;
				CLANG_WARN_BOOL_CONVERSION = YES;
				CLANG_WARN_COMMA = YES;
				CLANG_WARN_CONSTANT_CONVERSION = YES;
				CLANG_WARN_DEPRECATED_OBJC_IMPLEMENTATIONS = YES;
				CLANG_WARN_DIRECT_OBJC_ISA_USAGE = YES_ERROR;
				CLANG_WARN_DOCUMENTATION_COMMENTS = YES;
				CLANG_WARN_EMPTY_BODY = YES;
				CLANG_WARN_ENUM_CONVERSION = YES;
				CLANG_WARN_INFINITE_RECURSION = YES;
				CLANG_WARN_INT_CONVERSION = YES;
				CLANG_WARN_NON_LITERAL_NULL_CONVERSION = YES;
				CLANG_WARN_OBJC_IMPLICIT_RETAIN_SELF = YES;
				CLANG_WARN_OBJC_LITERAL_CONVERSION = YES;
				CLANG_WARN_OBJC_ROOT_CLASS = YES_ERROR;
				CLANG_WARN_QUOTED_INCLUDE_IN_FRAMEWORK_HEADER = YES;
				CLANG_WARN_RANGE_LOOP_ANALYSIS = YES;
				CLANG_WARN_STRICT_PROTOTYPES = YES;
				CLANG_WARN_SUSPICIOUS_MOVE = YES;
				CLANG_WARN_UNGUARDED_AVAILABILITY = YES_AGGRESSIVE;
				CLANG_WARN_UNREACHABLE_CODE = YES;
				CLANG_WARN__DUPLICATE_METHOD_MATCH = YES;
				COPY_PHASE_STRIP = NO;
				DEBUG_INFORMATION_FORMAT = dwarf;
				ENABLE_STRICT_OBJC_MSGSEND = YES;
				ENABLE_TESTABILITY = YES;
				ENABLE_USER_SCRIPT_SANDBOXING = YES;
				GCC_C_LANGUAGE_STANDARD = gnu17;
				GCC_DYNAMIC_NO_PIC = NO;
				GCC_NO_COMMON_BLOCKS = YES;
				GCC_OPTIMIZATION_LEVEL = 0;
				GCC_PREPROCESSOR_DEFINITIONS = (
					"DEBUG=1",
					"$(inherited)",
				);
				GCC_WARN_64_TO_32_BIT_CONVERSION = YES;
				GCC_WARN_ABOUT_RETURN_TYPE = YES_ERROR;
				GCC_WARN_UNDECLARED_SELECTOR = YES;
				GCC_WARN_UNINITIALIZED_AUTOS = YES_AGGRESSIVE;
				GCC_WARN_UNUSED_FUNCTION = YES;
				GCC_WARN_UNUSED_VARIABLE = YES;
				IPHONEOS_DEPLOYMENT_TARGET = 17.2;
				LOCALIZATION_PREFERS_STRING_CATALOGS = YES;
				MTL_ENABLE_DEBUG_INFO = INCLUDE_SOURCE;
				MTL_FAST_MATH = YES;
				ONLY_ACTIVE_ARCH = YES;
				SDKROOT = iphoneos;
				SWIFT_ACTIVE_COMPILATION_CONDITIONS = "DEBUG $(inherited)";
				SWIFT_OPTIMIZATION_LEVEL = "-Onone";
			};
			name = Debug;
		};
		4F479C8B2B4A858900989C0A /* Release */ = {
			isa = XCBuildConfiguration;
			buildSettings = {
				ALWAYS_SEARCH_USER_PATHS = NO;
				ASSETCATALOG_COMPILER_GENERATE_SWIFT_ASSET_SYMBOL_EXTENSIONS = YES;
				CLANG_ANALYZER_NONNULL = YES;
				CLANG_ANALYZER_NUMBER_OBJECT_CONVERSION = YES_AGGRESSIVE;
				CLANG_CXX_LANGUAGE_STANDARD = "gnu++20";
				CLANG_ENABLE_MODULES = YES;
				CLANG_ENABLE_OBJC_ARC = YES;
				CLANG_ENABLE_OBJC_WEAK = YES;
				CLANG_WARN_BLOCK_CAPTURE_AUTORELEASING = YES;
				CLANG_WARN_BOOL_CONVERSION = YES;
				CLANG_WARN_COMMA = YES;
				CLANG_WARN_CONSTANT_CONVERSION = YES;
				CLANG_WARN_DEPRECATED_OBJC_IMPLEMENTATIONS = YES;
				CLANG_WARN_DIRECT_OBJC_ISA_USAGE = YES_ERROR;
				CLANG_WARN_DOCUMENTATION_COMMENTS = YES;
				CLANG_WARN_EMPTY_BODY = YES;
				CLANG_WARN_ENUM_CONVERSION = YES;
				CLANG_WARN_INFINITE_RECURSION = YES;
				CLANG_WARN_INT_CONVERSION = YES;
				CLANG_WARN_NON_LITERAL_NULL_CONVERSION = YES;
				CLANG_WARN_OBJC_IMPLICIT_RETAIN_SELF = YES;
				CLANG_WARN_OBJC_LITERAL_CONVERSION = YES;
				CLANG_WARN_OBJC_ROOT_CLASS = YES_ERROR;
				CLANG_WARN_QUOTED_INCLUDE_IN_FRAMEWORK_HEADER = YES;
				CLANG_WARN_RANGE_LOOP_ANALYSIS = YES;
				CLANG_WARN_STRICT_PROTOTYPES = YES;
				CLANG_WARN_SUSPICIOUS_MOVE = YES;
				CLANG_WARN_UNGUARDED_AVAILABILITY = YES_AGGRESSIVE;
				CLANG_WARN_UNREACHABLE_CODE = YES;
				CLANG_WARN__DUPLICATE_METHOD_MATCH = YES;
				COPY_PHASE_STRIP = NO;
				DEBUG_INFORMATION_FORMAT = "dwarf-with-dsym";
				ENABLE_NS_ASSERTIONS = NO;
				ENABLE_STRICT_OBJC_MSGSEND = YES;
				ENABLE_USER_SCRIPT_SANDBOXING = YES;
				GCC_C_LANGUAGE_STANDARD = gnu17;
				GCC_NO_COMMON_BLOCKS = YES;
				GCC_WARN_64_TO_32_BIT_CONVERSION = YES;
				GCC_WARN_ABOUT_RETURN_TYPE = YES_ERROR;
				GCC_WARN_UNDECLARED_SELECTOR = YES;
				GCC_WARN_UNINITIALIZED_AUTOS = YES_AGGRESSIVE;
				GCC_WARN_UNUSED_FUNCTION = YES;
				GCC_WARN_UNUSED_VARIABLE = YES;
				IPHONEOS_DEPLOYMENT_TARGET = 17.2;
				LOCALIZATION_PREFERS_STRING_CATALOGS = YES;
				MTL_ENABLE_DEBUG_INFO = NO;
				MTL_FAST_MATH = YES;
				SDKROOT = iphoneos;
				SWIFT_COMPILATION_MODE = wholemodule;
				VALIDATE_PRODUCT = YES;
			};
			name = Release;
		};
		4F479C8D2B4A858900989C0A /* Debug */ = {
			isa = XCBuildConfiguration;
			buildSettings = {
				ASSETCATALOG_COMPILER_APPICON_NAME = AppIcon;
				ASSETCATALOG_COMPILER_GLOBAL_ACCENT_COLOR_NAME = AccentColor;
				CODE_SIGN_STYLE = Automatic;
				CURRENT_PROJECT_VERSION = 1;
				GENERATE_INFOPLIST_FILE = YES;
				INFOPLIST_FILE = FlaskKeyringiOSApp/Info.plist;
				INFOPLIST_KEY_UIApplicationSupportsIndirectInputEvents = YES;
				INFOPLIST_KEY_UILaunchStoryboardName = LaunchScreen;
				INFOPLIST_KEY_UIMainStoryboardFile = Main;
				INFOPLIST_KEY_UISupportedInterfaceOrientations_iPad = "UIInterfaceOrientationPortrait UIInterfaceOrientationPortraitUpsideDown UIInterfaceOrientationLandscapeLeft UIInterfaceOrientationLandscapeRight";
				INFOPLIST_KEY_UISupportedInterfaceOrientations_iPhone = "UIInterfaceOrientationPortrait UIInterfaceOrientationLandscapeLeft UIInterfaceOrientationLandscapeRight";
				LD_RUNPATH_SEARCH_PATHS = (
					"$(inherited)",
					"@executable_path/Frameworks",
				);
				MARKETING_VERSION = 1.0;
				PRODUCT_BUNDLE_IDENTIFIER = tech.flaskkeyring.FlaskKeyringiOSApp;
				PRODUCT_NAME = "$(TARGET_NAME)";
				SWIFT_EMIT_LOC_STRINGS = YES;
				SWIFT_VERSION = 5.0;
				TARGETED_DEVICE_FAMILY = "1,2";
			};
			name = Debug;
		};
		4F479C8E2B4A858900989C0A /* Release */ = {
			isa = XCBuildConfiguration;
			buildSettings = {
				ASSETCATALOG_COMPILER_APPICON_NAME = AppIcon;
				ASSETCATALOG_COMPILER_GLOBAL_ACCENT_COLOR_NAME = AccentColor;
				CODE_SIGN_STYLE = Automatic;
				CURRENT_PROJECT_VERSION = 1;
				GENERATE_INFOPLIST_FILE = YES;
				INFOPLIST_FILE = FlaskKeyringiOSApp/Info.plist;
				INFOPLIST_KEY_UIApplicationSupportsIndirectInputEvents = YES;
				INFOPLIST_KEY_UILaunchStoryboardName = LaunchScreen;
				INFOPLIST_KEY_UIMainStoryboardFile = Main;
				INFOPLIST_KEY_UISupportedInterfaceOrientations_iPad = "UIInterfaceOrientationPortrait UIInterfaceOrientationPortraitUpsideDown UIInterfaceOrientationLandscapeLeft UIInterfaceOrientationLandscapeRight";
				INFOPLIST_KEY_UISupportedInterfaceOrientations_iPhone = "UIInterfaceOrientationPortrait UIInterfaceOrientationLandscapeLeft UIInterfaceOrientationLandscapeRight";
				LD_RUNPATH_SEARCH_PATHS = (
					"$(inherited)",
					"@executable_path/Frameworks",
				);
				MARKETING_VERSION = 1.0;
				PRODUCT_BUNDLE_IDENTIFIER = tech.flaskkeyring.FlaskKeyringiOSApp;
				PRODUCT_NAME = "$(TARGET_NAME)";
				SWIFT_EMIT_LOC_STRINGS = YES;
				SWIFT_VERSION = 5.0;
				TARGETED_DEVICE_FAMILY = "1,2";
			};
			name = Release;
		};
		4F479C902B4A858900989C0A /* Debug */ = {
			isa = XCBuildConfiguration;
			buildSettings = {
				ALWAYS_EMBED_SWIFT_STANDARD_LIBRARIES = YES;
				BUNDLE_LOADER = "$(TEST_HOST)";
				CODE_SIGN_STYLE = Automatic;
				CURRENT_PROJECT_VERSION = 1;
				GENERATE_INFOPLIST_FILE = YES;
				IPHONEOS_DEPLOYMENT_TARGET = 17.2;
				MARKETING_VERSION = 1.0;
				PRODUCT_BUNDLE_IDENTIFIER = tech.flaskkeyring.FlaskKeyringiOSAppTests;
				PRODUCT_NAME = "$(TARGET_NAME)";
				SWIFT_EMIT_LOC_STRINGS = NO;
				SWIFT_VERSION = 5.0;
				TARGETED_DEVICE_FAMILY = "1,2";
				TEST_HOST = "$(BUILT_PRODUCTS_DIR)/FlaskKeyringiOSApp.app/$(BUNDLE_EXECUTABLE_FOLDER_PATH)/FlaskKeyringiOSApp";
			};
			name = Debug;
		};
		4F479C912B4A858900989C0A /* Release */ = {
			isa = XCBuildConfiguration;
			buildSettings = {
				ALWAYS_EMBED_SWIFT_STANDARD_LIBRARIES = YES;
				BUNDLE_LOADER = "$(TEST_HOST)";
				CODE_SIGN_STYLE = Automatic;
				CURRENT_PROJECT_VERSION = 1;
				GENERATE_INFOPLIST_FILE = YES;
				IPHONEOS_DEPLOYMENT_TARGET = 17.2;
				MARKETING_VERSION = 1.0;
				PRODUCT_BUNDLE_IDENTIFIER = tech.flaskkeyring.FlaskKeyringiOSAppTests;
				PRODUCT_NAME = "$(TARGET_NAME)";
				SWIFT_EMIT_LOC_STRINGS = NO;
				SWIFT_VERSION = 5.0;
				TARGETED_DEVICE_FAMILY = "1,2";
				TEST_HOST = "$(BUILT_PRODUCTS_DIR)/FlaskKeyringiOSApp.app/$(BUNDLE_EXECUTABLE_FOLDER_PATH)/FlaskKeyringiOSApp";
			};
			name = Release;
		};
		4F479C932B4A858900989C0A /* Debug */ = {
			isa = XCBuildConfiguration;
			buildSettings = {
				ALWAYS_EMBED_SWIFT_STANDARD_LIBRARIES = YES;
				CODE_SIGN_STYLE = Automatic;
				CURRENT_PROJECT_VERSION = 1;
				GENERATE_INFOPLIST_FILE = YES;
				MARKETING_VERSION = 1.0;
				PRODUCT_BUNDLE_IDENTIFIER = tech.flaskkeyring.FlaskKeyringiOSAppUITests;
				PRODUCT_NAME = "$(TARGET_NAME)";
				SWIFT_EMIT_LOC_STRINGS = NO;
				SWIFT_VERSION = 5.0;
				TARGETED_DEVICE_FAMILY = "1,2";
				TEST_TARGET_NAME = FlaskKeyringiOSApp;
			};
			name = Debug;
		};
		4F479C942B4A858900989C0A /* Release */ = {
			isa = XCBuildConfiguration;
			buildSettings = {
				ALWAYS_EMBED_SWIFT_STANDARD_LIBRARIES = YES;
				CODE_SIGN_STYLE = Automatic;
				CURRENT_PROJECT_VERSION = 1;
				GENERATE_INFOPLIST_FILE = YES;
				MARKETING_VERSION = 1.0;
				PRODUCT_BUNDLE_IDENTIFIER = tech.flaskkeyring.FlaskKeyringiOSAppUITests;
				PRODUCT_NAME = "$(TARGET_NAME)";
				SWIFT_EMIT_LOC_STRINGS = NO;
				SWIFT_VERSION = 5.0;
				TARGETED_DEVICE_FAMILY = "1,2";
				TEST_TARGET_NAME = FlaskKeyringiOSApp;
			};
			name = Release;
		};
/* End XCBuildConfiguration section */

/* Begin XCConfigurationList section */
		4F479C5D2B4A858800989C0A /* Build configuration list for PBXProject "FlaskKeyringiOSApp" */ = {
			isa = XCConfigurationList;
			buildConfigurations = (
				4F479C8A2B4A858900989C0A /* Debug */,
				4F479C8B2B4A858900989C0A /* Release */,
			);
			defaultConfigurationIsVisible = 0;
			defaultConfigurationName = Release;
		};
		4F479C8C2B4A858900989C0A /* Build configuration list for PBXNativeTarget "FlaskKeyringiOSApp" */ = {
			isa = XCConfigurationList;
			buildConfigurations = (
				4F479C8D2B4A858900989C0A /* Debug */,
				4F479C8E2B4A858900989C0A /* Release */,
			);
			defaultConfigurationIsVisible = 0;
			defaultConfigurationName = Release;
		};
		4F479C8F2B4A858900989C0A /* Build configuration list for PBXNativeTarget "FlaskKeyringiOSAppTests" */ = {
			isa = XCConfigurationList;
			buildConfigurations = (
				4F479C902B4A858900989C0A /* Debug */,
				4F479C912B4A858900989C0A /* Release */,
			);
			defaultConfigurationIsVisible = 0;
			defaultConfigurationName = Release;
		};
		4F479C922B4A858900989C0A /* Build configuration list for PBXNativeTarget "FlaskKeyringiOSAppUITests" */ = {
			isa = XCConfigurationList;
			buildConfigurations = (
				4F479C932B4A858900989C0A /* Debug */,
				4F479C942B4A858900989C0A /* Release */,
			);
			defaultConfigurationIsVisible = 0;
			defaultConfigurationName = Release;
		};
/* End XCConfigurationList section */
	};
	rootObject = 4F479C5A2B4A858800989C0A /* Project object */;
}
